// !$*UTF8*$!
{
	archiveVersion = 1;
	classes = {
	};
	objectVersion = 46;
	objects = {

/* Begin PBXBuildFile section */
		422442681E3B111600AF82C6 /* AppDelegate.swift in Sources */ = {isa = PBXBuildFile; fileRef = 422442671E3B111600AF82C6 /* AppDelegate.swift */; };
		4224426A1E3B111600AF82C6 /* ViewController.swift in Sources */ = {isa = PBXBuildFile; fileRef = 422442691E3B111600AF82C6 /* ViewController.swift */; };
		4224426D1E3B111600AF82C6 /* Main.storyboard in Resources */ = {isa = PBXBuildFile; fileRef = 4224426B1E3B111600AF82C6 /* Main.storyboard */; };
		4224426F1E3B111600AF82C6 /* Assets.xcassets in Resources */ = {isa = PBXBuildFile; fileRef = 4224426E1E3B111600AF82C6 /* Assets.xcassets */; };
		422442721E3B111600AF82C6 /* LaunchScreen.storyboard in Resources */ = {isa = PBXBuildFile; fileRef = 422442701E3B111600AF82C6 /* LaunchScreen.storyboard */; };
		4224427A1E3B17CC00AF82C6 /* pokemon.csv in Resources */ = {isa = PBXBuildFile; fileRef = 422442791E3B17CC00AF82C6 /* pokemon.csv */; };
		4224427D1E3B1FDB00AF82C6 /* Pokemon.swift in Sources */ = {isa = PBXBuildFile; fileRef = 4224427C1E3B1FDB00AF82C6 /* Pokemon.swift */; };
		422442801E3B307600AF82C6 /* PokeCell.swift in Sources */ = {isa = PBXBuildFile; fileRef = 4224427F1E3B307600AF82C6 /* PokeCell.swift */; };
		422442821E3B379C00AF82C6 /* csv.swift in Sources */ = {isa = PBXBuildFile; fileRef = 422442811E3B379C00AF82C6 /* csv.swift */; };
		422442841E3B4A2F00AF82C6 /* pokemon.ttf in Resources */ = {isa = PBXBuildFile; fileRef = 422442831E3B4A2400AF82C6 /* pokemon.ttf */; };
		422442891E3B4BCE00AF82C6 /* music.png in Resources */ = {isa = PBXBuildFile; fileRef = 422442881E3B4BCE00AF82C6 /* music.png */; };
		4224428B1E3B4BD600AF82C6 /* music.mp3 in Resources */ = {isa = PBXBuildFile; fileRef = 4224428A1E3B4BD600AF82C6 /* music.mp3 */; };
		4224428D1E3B6D1C00AF82C6 /* PokemonDetailVC.swift in Sources */ = {isa = PBXBuildFile; fileRef = 4224428C1E3B6D1C00AF82C6 /* PokemonDetailVC.swift */; };
		422442911E3BABD900AF82C6 /* PokemonDetailTableVC.swift in Sources */ = {isa = PBXBuildFile; fileRef = 422442901E3BABD900AF82C6 /* PokemonDetailTableVC.swift */; };
		422442931E3C4A0300AF82C6 /* Constant.swift in Sources */ = {isa = PBXBuildFile; fileRef = 422442921E3C4A0300AF82C6 /* Constant.swift */; };
		83275529E2D64213E9B62DC3 /* Pods_PokeDex.framework in Frameworks */ = {isa = PBXBuildFile; fileRef = EFF71B6AB51B4AD9243F9440 /* Pods_PokeDex.framework */; };
/* End PBXBuildFile section */

/* Begin PBXFileReference section */
		422442641E3B111600AF82C6 /* PokeDex.app */ = {isa = PBXFileReference; explicitFileType = wrapper.application; includeInIndex = 0; path = PokeDex.app; sourceTree = BUILT_PRODUCTS_DIR; };
		422442671E3B111600AF82C6 /* AppDelegate.swift */ = {isa = PBXFileReference; lastKnownFileType = sourcecode.swift; path = AppDelegate.swift; sourceTree = "<group>"; };
		422442691E3B111600AF82C6 /* ViewController.swift */ = {isa = PBXFileReference; lastKnownFileType = sourcecode.swift; path = ViewController.swift; sourceTree = "<group>"; };
		4224426C1E3B111600AF82C6 /* Base */ = {isa = PBXFileReference; lastKnownFileType = file.storyboard; name = Base; path = Base.lproj/Main.storyboard; sourceTree = "<group>"; };
		4224426E1E3B111600AF82C6 /* Assets.xcassets */ = {isa = PBXFileReference; lastKnownFileType = folder.assetcatalog; path = Assets.xcassets; sourceTree = "<group>"; };
		422442711E3B111600AF82C6 /* Base */ = {isa = PBXFileReference; lastKnownFileType = file.storyboard; name = Base; path = Base.lproj/LaunchScreen.storyboard; sourceTree = "<group>"; };
		422442731E3B111600AF82C6 /* Info.plist */ = {isa = PBXFileReference; lastKnownFileType = text.plist.xml; path = Info.plist; sourceTree = "<group>"; };
		422442791E3B17CC00AF82C6 /* pokemon.csv */ = {isa = PBXFileReference; fileEncoding = 4; lastKnownFileType = text; path = pokemon.csv; sourceTree = "<group>"; };
		4224427C1E3B1FDB00AF82C6 /* Pokemon.swift */ = {isa = PBXFileReference; fileEncoding = 4; lastKnownFileType = sourcecode.swift; path = Pokemon.swift; sourceTree = "<group>"; };
		4224427F1E3B307600AF82C6 /* PokeCell.swift */ = {isa = PBXFileReference; fileEncoding = 4; lastKnownFileType = sourcecode.swift; path = PokeCell.swift; sourceTree = "<group>"; };
		422442811E3B379C00AF82C6 /* csv.swift */ = {isa = PBXFileReference; fileEncoding = 4; lastKnownFileType = sourcecode.swift; path = csv.swift; sourceTree = "<group>"; };
		422442831E3B4A2400AF82C6 /* pokemon.ttf */ = {isa = PBXFileReference; lastKnownFileType = file; path = pokemon.ttf; sourceTree = "<group>"; };
		422442881E3B4BCE00AF82C6 /* music.png */ = {isa = PBXFileReference; lastKnownFileType = image.png; path = music.png; sourceTree = "<group>"; };
		4224428A1E3B4BD600AF82C6 /* music.mp3 */ = {isa = PBXFileReference; lastKnownFileType = audio.mp3; path = music.mp3; sourceTree = "<group>"; };
		4224428C1E3B6D1C00AF82C6 /* PokemonDetailVC.swift */ = {isa = PBXFileReference; fileEncoding = 4; lastKnownFileType = sourcecode.swift; path = PokemonDetailVC.swift; sourceTree = "<group>"; };
		422442901E3BABD900AF82C6 /* PokemonDetailTableVC.swift */ = {isa = PBXFileReference; fileEncoding = 4; lastKnownFileType = sourcecode.swift; path = PokemonDetailTableVC.swift; sourceTree = "<group>"; };
		422442921E3C4A0300AF82C6 /* Constant.swift */ = {isa = PBXFileReference; fileEncoding = 4; lastKnownFileType = sourcecode.swift; path = Constant.swift; sourceTree = "<group>"; };
		A148B60AE9F5C3369F7E44C9 /* Pods-PokeDex.debug.xcconfig */ = {isa = PBXFileReference; includeInIndex = 1; lastKnownFileType = text.xcconfig; name = "Pods-PokeDex.debug.xcconfig"; path = "Pods/Target Support Files/Pods-PokeDex/Pods-PokeDex.debug.xcconfig"; sourceTree = "<group>"; };
		EFF71B6AB51B4AD9243F9440 /* Pods_PokeDex.framework */ = {isa = PBXFileReference; explicitFileType = wrapper.framework; includeInIndex = 0; path = Pods_PokeDex.framework; sourceTree = BUILT_PRODUCTS_DIR; };
		F8C608015A804A2CEC099A94 /* Pods-PokeDex.release.xcconfig */ = {isa = PBXFileReference; includeInIndex = 1; lastKnownFileType = text.xcconfig; name = "Pods-PokeDex.release.xcconfig"; path = "Pods/Target Support Files/Pods-PokeDex/Pods-PokeDex.release.xcconfig"; sourceTree = "<group>"; };
/* End PBXFileReference section */

/* Begin PBXFrameworksBuildPhase section */
		422442611E3B111600AF82C6 /* Frameworks */ = {
			isa = PBXFrameworksBuildPhase;
			buildActionMask = 2147483647;
			files = (
				83275529E2D64213E9B62DC3 /* Pods_PokeDex.framework in Frameworks */,
			);
			runOnlyForDeploymentPostprocessing = 0;
		};
/* End PBXFrameworksBuildPhase section */

/* Begin PBXGroup section */
		31577F0B70C48F6983C32767 /* Frameworks */ = {
			isa = PBXGroup;
			children = (
				EFF71B6AB51B4AD9243F9440 /* Pods_PokeDex.framework */,
			);
			name = Frameworks;
			sourceTree = "<group>";
		};
		3B67B59D8F9BC0BBD7B70F98 /* Pods */ = {
			isa = PBXGroup;
			children = (
				A148B60AE9F5C3369F7E44C9 /* Pods-PokeDex.debug.xcconfig */,
				F8C608015A804A2CEC099A94 /* Pods-PokeDex.release.xcconfig */,
			);
			name = Pods;
			sourceTree = "<group>";
		};
		4224425B1E3B111600AF82C6 = {
			isa = PBXGroup;
			children = (
				422442661E3B111600AF82C6 /* PokeDex */,
				422442651E3B111600AF82C6 /* Products */,
				3B67B59D8F9BC0BBD7B70F98 /* Pods */,
				31577F0B70C48F6983C32767 /* Frameworks */,
			);
			sourceTree = "<group>";
		};
		422442651E3B111600AF82C6 /* Products */ = {
			isa = PBXGroup;
			children = (
				422442641E3B111600AF82C6 /* PokeDex.app */,
			);
			name = Products;
			sourceTree = "<group>";
		};
		422442661E3B111600AF82C6 /* PokeDex */ = {
			isa = PBXGroup;
			children = (
				422442851E3B4A4800AF82C6 /* Cotroller */,
				4224427E1E3B303B00AF82C6 /* View */,
				422442871E3B4A8400AF82C6 /* Util */,
				422442861E3B4A5100AF82C6 /* Resources */,
				4224427B1E3B1FCB00AF82C6 /* Model */,
				422442671E3B111600AF82C6 /* AppDelegate.swift */,
				4224426B1E3B111600AF82C6 /* Main.storyboard */,
				4224426E1E3B111600AF82C6 /* Assets.xcassets */,
				422442701E3B111600AF82C6 /* LaunchScreen.storyboard */,
				422442731E3B111600AF82C6 /* Info.plist */,
			);
			path = PokeDex;
			sourceTree = "<group>";
		};
		4224427B1E3B1FCB00AF82C6 /* Model */ = {
			isa = PBXGroup;
			children = (
				4224427C1E3B1FDB00AF82C6 /* Pokemon.swift */,
			);
			name = Model;
			sourceTree = "<group>";
		};
		4224427E1E3B303B00AF82C6 /* View */ = {
			isa = PBXGroup;
			children = (
				4224427F1E3B307600AF82C6 /* PokeCell.swift */,
			);
			name = View;
			sourceTree = "<group>";
		};
		422442851E3B4A4800AF82C6 /* Cotroller */ = {
			isa = PBXGroup;
			children = (
				422442691E3B111600AF82C6 /* ViewController.swift */,
				4224428C1E3B6D1C00AF82C6 /* PokemonDetailVC.swift */,
				422442901E3BABD900AF82C6 /* PokemonDetailTableVC.swift */,
			);
			name = Cotroller;
			sourceTree = "<group>";
		};
		422442861E3B4A5100AF82C6 /* Resources */ = {
			isa = PBXGroup;
			children = (
				422442881E3B4BCE00AF82C6 /* music.png */,
				422442831E3B4A2400AF82C6 /* pokemon.ttf */,
				4224428A1E3B4BD600AF82C6 /* music.mp3 */,
				422442791E3B17CC00AF82C6 /* pokemon.csv */,
			);
			name = Resources;
			sourceTree = "<group>";
		};
		422442871E3B4A8400AF82C6 /* Util */ = {
			isa = PBXGroup;
			children = (
				422442811E3B379C00AF82C6 /* csv.swift */,
				422442921E3C4A0300AF82C6 /* Constant.swift */,
			);
			name = Util;
			sourceTree = "<group>";
		};
/* End PBXGroup section */

/* Begin PBXNativeTarget section */
		422442631E3B111600AF82C6 /* PokeDex */ = {
			isa = PBXNativeTarget;
			buildConfigurationList = 422442761E3B111600AF82C6 /* Build configuration list for PBXNativeTarget "PokeDex" */;
			buildPhases = (
				48B030992A66B9C14D69E6B5 /* [CP] Check Pods Manifest.lock */,
				422442601E3B111600AF82C6 /* Sources */,
				422442611E3B111600AF82C6 /* Frameworks */,
				422442621E3B111600AF82C6 /* Resources */,
				C49D7A1C72840D57D51A8BBC /* [CP] Embed Pods Frameworks */,
				6428DB4D6CF49753053A9034 /* [CP] Copy Pods Resources */,
			);
			buildRules = (
			);
			dependencies = (
			);
			name = PokeDex;
			productName = PokeDex;
			productReference = 422442641E3B111600AF82C6 /* PokeDex.app */;
			productType = "com.apple.product-type.application";
		};
/* End PBXNativeTarget section */

/* Begin PBXProject section */
		4224425C1E3B111600AF82C6 /* Project object */ = {
			isa = PBXProject;
			attributes = {
				LastSwiftUpdateCheck = 0820;
				LastUpgradeCheck = 0820;
				ORGANIZATIONNAME = "Joosung Kim";
				TargetAttributes = {
					422442631E3B111600AF82C6 = {
						CreatedOnToolsVersion = 8.2.1;
						DevelopmentTeam = XNB68CC222;
						LastSwiftMigration = 0820;
						ProvisioningStyle = Automatic;
					};
				};
			};
			buildConfigurationList = 4224425F1E3B111600AF82C6 /* Build configuration list for PBXProject "PokeDex" */;
			compatibilityVersion = "Xcode 3.2";
			developmentRegion = English;
			hasScannedForEncodings = 0;
			knownRegions = (
				en,
				Base,
			);
			mainGroup = 4224425B1E3B111600AF82C6;
			productRefGroup = 422442651E3B111600AF82C6 /* Products */;
			projectDirPath = "";
			projectRoot = "";
			targets = (
				422442631E3B111600AF82C6 /* PokeDex */,
			);
		};
/* End PBXProject section */

/* Begin PBXResourcesBuildPhase section */
		422442621E3B111600AF82C6 /* Resources */ = {
			isa = PBXResourcesBuildPhase;
			buildActionMask = 2147483647;
			files = (
				422442841E3B4A2F00AF82C6 /* pokemon.ttf in Resources */,
				422442721E3B111600AF82C6 /* LaunchScreen.storyboard in Resources */,
				4224426F1E3B111600AF82C6 /* Assets.xcassets in Resources */,
				4224427A1E3B17CC00AF82C6 /* pokemon.csv in Resources */,
				4224426D1E3B111600AF82C6 /* Main.storyboard in Resources */,
				4224428B1E3B4BD600AF82C6 /* music.mp3 in Resources */,
				422442891E3B4BCE00AF82C6 /* music.png in Resources */,
			);
			runOnlyForDeploymentPostprocessing = 0;
		};
/* End PBXResourcesBuildPhase section */

/* Begin PBXShellScriptBuildPhase section */
		48B030992A66B9C14D69E6B5 /* [CP] Check Pods Manifest.lock */ = {
			isa = PBXShellScriptBuildPhase;
			buildActionMask = 2147483647;
			files = (
			);
			inputPaths = (
			);
			name = "[CP] Check Pods Manifest.lock";
			outputPaths = (
			);
			runOnlyForDeploymentPostprocessing = 0;
			shellPath = /bin/sh;
			shellScript = "diff \"${PODS_ROOT}/../Podfile.lock\" \"${PODS_ROOT}/Manifest.lock\" > /dev/null\nif [ $? != 0 ] ; then\n    # print error to STDERR\n    echo \"error: The sandbox is not in sync with the Podfile.lock. Run 'pod install' or update your CocoaPods installation.\" >&2\n    exit 1\nfi\n";
			showEnvVarsInLog = 0;
		};
		6428DB4D6CF49753053A9034 /* [CP] Copy Pods Resources */ = {
			isa = PBXShellScriptBuildPhase;
			buildActionMask = 2147483647;
			files = (
			);
			inputPaths = (
			);
			name = "[CP] Copy Pods Resources";
			outputPaths = (
			);
			runOnlyForDeploymentPostprocessing = 0;
			shellPath = /bin/sh;
			shellScript = "\"${SRCROOT}/Pods/Target Support Files/Pods-PokeDex/Pods-PokeDex-resources.sh\"\n";
			showEnvVarsInLog = 0;
		};
		C49D7A1C72840D57D51A8BBC /* [CP] Embed Pods Frameworks */ = {
			isa = PBXShellScriptBuildPhase;
			buildActionMask = 2147483647;
			files = (
			);
			inputPaths = (
			);
			name = "[CP] Embed Pods Frameworks";
			outputPaths = (
			);
			runOnlyForDeploymentPostprocessing = 0;
			shellPath = /bin/sh;
			shellScript = "\"${SRCROOT}/Pods/Target Support Files/Pods-PokeDex/Pods-PokeDex-frameworks.sh\"\n";
			showEnvVarsInLog = 0;
		};
/* End PBXShellScriptBuildPhase section */

/* Begin PBXSourcesBuildPhase section */
		422442601E3B111600AF82C6 /* Sources */ = {
			isa = PBXSourcesBuildPhase;
			buildActionMask = 2147483647;
			files = (
				422442801E3B307600AF82C6 /* PokeCell.swift in Sources */,
				422442911E3BABD900AF82C6 /* PokemonDetailTableVC.swift in Sources */,
				4224426A1E3B111600AF82C6 /* ViewController.swift in Sources */,
				422442931E3C4A0300AF82C6 /* Constant.swift in Sources */,
				422442681E3B111600AF82C6 /* AppDelegate.swift in Sources */,
				4224428D1E3B6D1C00AF82C6 /* PokemonDetailVC.swift in Sources */,
				4224427D1E3B1FDB00AF82C6 /* Pokemon.swift in Sources */,
				422442821E3B379C00AF82C6 /* csv.swift in Sources */,
			);
			runOnlyForDeploymentPostprocessing = 0;
		};
/* End PBXSourcesBuildPhase section */

/* Begin PBXVariantGroup section */
		4224426B1E3B111600AF82C6 /* Main.storyboard */ = {
			isa = PBXVariantGroup;
			children = (
				4224426C1E3B111600AF82C6 /* Base */,
			);
			name = Main.storyboard;
			sourceTree = "<group>";
		};
		422442701E3B111600AF82C6 /* LaunchScreen.storyboard */ = {
			isa = PBXVariantGroup;
			children = (
				422442711E3B111600AF82C6 /* Base */,
			);
			name = LaunchScreen.storyboard;
			sourceTree = "<group>";
		};
/* End PBXVariantGroup section */

/* Begin XCBuildConfiguration section */
		422442741E3B111600AF82C6 /* Debug */ = {
			isa = XCBuildConfiguration;
			buildSettings = {
				ALWAYS_SEARCH_USER_PATHS = NO;
				CLANG_ANALYZER_NONNULL = YES;
				CLANG_CXX_LANGUAGE_STANDARD = "gnu++0x";
				CLANG_CXX_LIBRARY = "libc++";
				CLANG_ENABLE_MODULES = YES;
				CLANG_ENABLE_OBJC_ARC = YES;
				CLANG_WARN_BOOL_CONVERSION = YES;
				CLANG_WARN_CONSTANT_CONVERSION = YES;
				CLANG_WARN_DIRECT_OBJC_ISA_USAGE = YES_ERROR;
				CLANG_WARN_DOCUMENTATION_COMMENTS = YES;
				CLANG_WARN_EMPTY_BODY = YES;
				CLANG_WARN_ENUM_CONVERSION = YES;
				CLANG_WARN_INFINITE_RECURSION = YES;
				CLANG_WARN_INT_CONVERSION = YES;
				CLANG_WARN_OBJC_ROOT_CLASS = YES_ERROR;
				CLANG_WARN_SUSPICIOUS_MOVE = YES;
				CLANG_WARN_UNREACHABLE_CODE = YES;
				CLANG_WARN__DUPLICATE_METHOD_MATCH = YES;
				"CODE_SIGN_IDENTITY[sdk=iphoneos*]" = "iPhone Developer";
				COPY_PHASE_STRIP = NO;
				DEBUG_INFORMATION_FORMAT = dwarf;
				ENABLE_STRICT_OBJC_MSGSEND = YES;
				ENABLE_TESTABILITY = YES;
				GCC_C_LANGUAGE_STANDARD = gnu99;
				GCC_DYNAMIC_NO_PIC = NO;
				GCC_NO_COMMON_BLOCKS = YES;
				GCC_OPTIMIZATION_LEVEL = 0;
				GCC_PREPROCESSOR_DEFINITIONS = (
					"DEBUG=1",
					"$(inherited)",
				);
				GCC_WARN_64_TO_32_BIT_CONVERSION = YES;
				GCC_WARN_ABOUT_RETURN_TYPE = YES_ERROR;
				GCC_WARN_UNDECLARED_SELECTOR = YES;
				GCC_WARN_UNINITIALIZED_AUTOS = YES_AGGRESSIVE;
				GCC_WARN_UNUSED_FUNCTION = YES;
				GCC_WARN_UNUSED_VARIABLE = YES;
				IPHONEOS_DEPLOYMENT_TARGET = 10.2;
				MTL_ENABLE_DEBUG_INFO = YES;
				ONLY_ACTIVE_ARCH = YES;
				SDKROOT = iphoneos;
				SWIFT_ACTIVE_COMPILATION_CONDITIONS = DEBUG;
				SWIFT_OPTIMIZATION_LEVEL = "-Onone";
			};
			name = Debug;
		};
		422442751E3B111600AF82C6 /* Release */ = {
			isa = XCBuildConfiguration;
			buildSettings = {
				ALWAYS_SEARCH_USER_PATHS = NO;
				CLANG_ANALYZER_NONNULL = YES;
				CLANG_CXX_LANGUAGE_STANDARD = "gnu++0x";
				CLANG_CXX_LIBRARY = "libc++";
				CLANG_ENABLE_MODULES = YES;
				CLANG_ENABLE_OBJC_ARC = YES;
				CLANG_WARN_BOOL_CONVERSION = YES;
				CLANG_WARN_CONSTANT_CONVERSION = YES;
				CLANG_WARN_DIRECT_OBJC_ISA_USAGE = YES_ERROR;
				CLANG_WARN_DOCUMENTATION_COMMENTS = YES;
				CLANG_WARN_EMPTY_BODY = YES;
				CLANG_WARN_ENUM_CONVERSION = YES;
				CLANG_WARN_INFINITE_RECURSION = YES;
				CLANG_WARN_INT_CONVERSION = YES;
				CLANG_WARN_OBJC_ROOT_CLASS = YES_ERROR;
				CLANG_WARN_SUSPICIOUS_MOVE = YES;
				CLANG_WARN_UNREACHABLE_CODE = YES;
				CLANG_WARN__DUPLICATE_METHOD_MATCH = YES;
				"CODE_SIGN_IDENTITY[sdk=iphoneos*]" = "iPhone Developer";
				COPY_PHASE_STRIP = NO;
				DEBUG_INFORMATION_FORMAT = "dwarf-with-dsym";
				ENABLE_NS_ASSERTIONS = NO;
				ENABLE_STRICT_OBJC_MSGSEND = YES;
				GCC_C_LANGUAGE_STANDARD = gnu99;
				GCC_NO_COMMON_BLOCKS = YES;
				GCC_WARN_64_TO_32_BIT_CONVERSION = YES;
				GCC_WARN_ABOUT_RETURN_TYPE = YES_ERROR;
				GCC_WARN_UNDECLARED_SELECTOR = YES;
				GCC_WARN_UNINITIALIZED_AUTOS = YES_AGGRESSIVE;
				GCC_WARN_UNUSED_FUNCTION = YES;
				GCC_WARN_UNUSED_VARIABLE = YES;
				IPHONEOS_DEPLOYMENT_TARGET = 10.2;
				MTL_ENABLE_DEBUG_INFO = NO;
				SDKROOT = iphoneos;
				SWIFT_OPTIMIZATION_LEVEL = "-Owholemodule";
				VALIDATE_PRODUCT = YES;
			};
			name = Release;
		};
		422442771E3B111600AF82C6 /* Debug */ = {
			isa = XCBuildConfiguration;
			baseConfigurationReference = A148B60AE9F5C3369F7E44C9 /* Pods-PokeDex.debug.xcconfig */;
			buildSettings = {
				ASSETCATALOG_COMPILER_APPICON_NAME = AppIcon;
				DEVELOPMENT_TEAM = XNB68CC222;
				INFOPLIST_FILE = PokeDex/Info.plist;
				LD_RUNPATH_SEARCH_PATHS = "$(inherited) @executable_path/Frameworks";
				PRODUCT_BUNDLE_IDENTIFIER = gq.dugong.PokeDex;
				PRODUCT_NAME = "$(TARGET_NAME)";
				SWIFT_VERSION = 3.0;
			};
			name = Debug;
		};
		422442781E3B111600AF82C6 /* Release */ = {
			isa = XCBuildConfiguration;
			baseConfigurationReference = F8C608015A804A2CEC099A94 /* Pods-PokeDex.release.xcconfig */;
			buildSettings = {
				ASSETCATALOG_COMPILER_APPICON_NAME = AppIcon;
				DEVELOPMENT_TEAM = XNB68CC222;
				INFOPLIST_FILE = PokeDex/Info.plist;
				LD_RUNPATH_SEARCH_PATHS = "$(inherited) @executable_path/Frameworks";
				PRODUCT_BUNDLE_IDENTIFIER = gq.dugong.PokeDex;
				PRODUCT_NAME = "$(TARGET_NAME)";
				SWIFT_VERSION = 3.0;
			};
			name = Release;
		};
/* End XCBuildConfiguration section */

/* Begin XCConfigurationList section */
		4224425F1E3B111600AF82C6 /* Build configuration list for PBXProject "PokeDex" */ = {
			isa = XCConfigurationList;
			buildConfigurations = (
				422442741E3B111600AF82C6 /* Debug */,
				422442751E3B111600AF82C6 /* Release */,
			);
			defaultConfigurationIsVisible = 0;
			defaultConfigurationName = Release;
		};
		422442761E3B111600AF82C6 /* Build configuration list for PBXNativeTarget "PokeDex" */ = {
			isa = XCConfigurationList;
			buildConfigurations = (
				422442771E3B111600AF82C6 /* Debug */,
				422442781E3B111600AF82C6 /* Release */,
			);
			defaultConfigurationIsVisible = 0;
			defaultConfigurationName = Release;
		};
/* End XCConfigurationList section */
	};
	rootObject = 4224425C1E3B111600AF82C6 /* Project object */;
}
